
Microsoft Visual Studio Solution File, Format Version 12.00
# Visual Studio 15
VisualStudioVersion = 15.0.28307.572
MinimumVisualStudioVersion = 10.0.40219.1
Project("{FAE04EC0-301F-11D3-BF4B-00C04F79EFBC}") = "BackpropagationNeuralNetwork", "BackpropagationNeuralNetwork.csproj", "{E0EFDF01-4B68-4D06-B7DE-5C679DFCFF30}"
EndProject
Global
	GlobalSection(SolutionConfigurationPlatforms) = preSolution
		Debug|Any CPU = Debug|Any CPU
		Release|Any CPU = Release|Any CPU
	EndGlobalSection
	GlobalSection(ProjectConfigurationPlatforms) = postSolution
		{E0EFDF01-4B68-4D06-B7DE-5C679DFCFF30}.Debug|Any CPU.ActiveCfg = Debug|Any CPU
		{E0EFDF01-4B68-4D06-B7DE-5C679DFCFF30}.Debug|Any CPU.Build.0 = Debug|Any CPU
		{E0EFDF01-4B68-4D06-B7DE-5C679DFCFF30}.Release|Any CPU.ActiveCfg = Release|Any CPU
		{E0EFDF01-4B68-4D06-B7DE-5C679DFCFF30}.Release|Any CPU.Build.0 = Release|Any CPU
	EndGlobalSection
	GlobalSection(SolutionProperties) = preSolution
		HideSolutionNode = FALSE
	EndGlobalSection
	GlobalSection(ExtensibilityGlobals) = postSolution
		SolutionGuid = {4C4BE86B-507B-451D-8130-BE4657353157}
	EndGlobalSection
EndGlobal
